
Microsoft Visual Studio Solution File, Format Version 12.00
# Visual Studio Version 17
VisualStudioVersion = 17.1.32421.90
MinimumVisualStudioVersion = 10.0.40219.1
Project("{FAE04EC0-301F-11D3-BF4B-00C04F79EFBC}") = "BibliotekSystem", "BibliotekSystem\BibliotekSystem.csproj", "{FE317951-FC25-46A1-8618-A58474FF4711}"
EndProject
Global
	GlobalSection(SolutionConfigurationPlatforms) = preSolution
		Debug|Any CPU = Debug|Any CPU
		Release|Any CPU = Release|Any CPU
	EndGlobalSection
	GlobalSection(ProjectConfigurationPlatforms) = postSolution
		{FE317951-FC25-46A1-8618-A58474FF4711}.Debug|Any CPU.ActiveCfg = Debug|Any CPU
		{FE317951-FC25-46A1-8618-A58474FF4711}.Debug|Any CPU.Build.0 = Debug|Any CPU
		{FE317951-FC25-46A1-8618-A58474FF4711}.Release|Any CPU.ActiveCfg = Release|Any CPU
		{FE317951-FC25-46A1-8618-A58474FF4711}.Release|Any CPU.Build.0 = Release|Any CPU
	EndGlobalSection
	GlobalSection(SolutionProperties) = preSolution
		HideSolutionNode = FALSE
	EndGlobalSection
	GlobalSection(ExtensibilityGlobals) = postSolution
		SolutionGuid = {DFF3D4FA-92E2-42BB-A3EC-B0FB8CC12689}
	EndGlobalSection
EndGlobal
